{
  "lockfileVersion": 1,
  "configVersion": 1,
  "workspaces": {
    "": {
      "name": "helix-hypo-ws-get-db-setup",
      "dependencies": {
        "@prisma/client": "5.19.1",
        "@tensorflow-models/universal-sentence-encoder": "^1.3.3",
        "@tensorflow/tfjs": "^4.22.0",
        "@tensorflow/tfjs-backend-cpu": "^4.22.0",
        "fuse-native": "^2.2.6",
        "helix-ts": "^1.0.8",
        "pdf-parse": "^1.1.1",
        "smol-toml": "^1.6.1",
      },
      "devDependencies": {
        "@types/bun": "^1.3.11",
        "@types/node": "^22.10.0",
        "@types/pdf-parse": "^1.1.4",
        "prisma": "5.19.1",
        "tsx": "^4.19.2",
        "typescript": "^5.7.2",
      },
    },
  },
  "packages": {
    "@esbuild/aix-ppc64": ["@esbuild/aix-ppc64@0.27.4", "", { "os": "aix", "cpu": "ppc64" }, "sha512-cQPwL2mp2nSmHHJlCyoXgHGhbEPMrEEU5xhkcy3Hs/O7nGZqEpZ2sUtLaL9MORLtDfRvVl2/3PAuEkYZH0Ty8Q=="],

    "@esbuild/android-arm": ["@esbuild/android-arm@0.27.4", "", { "os": "android", "cpu": "arm" }, "sha512-X9bUgvxiC8CHAGKYufLIHGXPJWnr0OCdR0anD2e21vdvgCI8lIfqFbnoeOz7lBjdrAGUhqLZLcQo6MLhTO2DKQ=="],

    "@esbuild/android-arm64": ["@esbuild/android-arm64@0.27.4", "", { "os": "android", "cpu": "arm64" }, "sha512-gdLscB7v75wRfu7QSm/zg6Rx29VLdy9eTr2t44sfTW7CxwAtQghZ4ZnqHk3/ogz7xao0QAgrkradbBzcqFPasw=="],

    "@esbuild/android-x64": ["@esbuild/android-x64@0.27.4", "", { "os": "android", "cpu": "x64" }, "sha512-PzPFnBNVF292sfpfhiyiXCGSn9HZg5BcAz+ivBuSsl6Rk4ga1oEXAamhOXRFyMcjwr2DVtm40G65N3GLeH1Lvw=="],

    "@esbuild/darwin-arm64": ["@esbuild/darwin-arm64@0.27.4", "", { "os": "darwin", "cpu": "arm64" }, "sha512-b7xaGIwdJlht8ZFCvMkpDN6uiSmnxxK56N2GDTMYPr2/gzvfdQN8rTfBsvVKmIVY/X7EM+/hJKEIbbHs9oA4tQ=="],

    "@esbuild/darwin-x64": ["@esbuild/darwin-x64@0.27.4", "", { "os": "darwin", "cpu": "x64" }, "sha512-sR+OiKLwd15nmCdqpXMnuJ9W2kpy0KigzqScqHI3Hqwr7IXxBp3Yva+yJwoqh7rE8V77tdoheRYataNKL4QrPw=="],

    "@esbuild/freebsd-arm64": ["@esbuild/freebsd-arm64@0.27.4", "", { "os": "freebsd", "cpu": "arm64" }, "sha512-jnfpKe+p79tCnm4GVav68A7tUFeKQwQyLgESwEAUzyxk/TJr4QdGog9sqWNcUbr/bZt/O/HXouspuQDd9JxFSw=="],

    "@esbuild/freebsd-x64": ["@esbuild/freebsd-x64@0.27.4", "", { "os": "freebsd", "cpu": "x64" }, "sha512-2kb4ceA/CpfUrIcTUl1wrP/9ad9Atrp5J94Lq69w7UwOMolPIGrfLSvAKJp0RTvkPPyn6CIWrNy13kyLikZRZQ=="],

    "@esbuild/linux-arm": ["@esbuild/linux-arm@0.27.4", "", { "os": "linux", "cpu": "arm" }, "sha512-aBYgcIxX/wd5n2ys0yESGeYMGF+pv6g0DhZr3G1ZG4jMfruU9Tl1i2Z+Wnj9/KjGz1lTLCcorqE2viePZqj4Eg=="],

    "@esbuild/linux-arm64": ["@esbuild/linux-arm64@0.27.4", "", { "os": "linux", "cpu": "arm64" }, "sha512-7nQOttdzVGth1iz57kxg9uCz57dxQLHWxopL6mYuYthohPKEK0vU0C3O21CcBK6KDlkYVcnDXY099HcCDXd9dA=="],

    "@esbuild/linux-ia32": ["@esbuild/linux-ia32@0.27.4", "", { "os": "linux", "cpu": "ia32" }, "sha512-oPtixtAIzgvzYcKBQM/qZ3R+9TEUd1aNJQu0HhGyqtx6oS7qTpvjheIWBbes4+qu1bNlo2V4cbkISr8q6gRBFA=="],

    "@esbuild/linux-loong64": ["@esbuild/linux-loong64@0.27.4", "", { "os": "linux", "cpu": "none" }, "sha512-8mL/vh8qeCoRcFH2nM8wm5uJP+ZcVYGGayMavi8GmRJjuI3g1v6Z7Ni0JJKAJW+m0EtUuARb6Lmp4hMjzCBWzA=="],

    "@esbuild/linux-mips64el": ["@esbuild/linux-mips64el@0.27.4", "", { "os": "linux", "cpu": "none" }, "sha512-1RdrWFFiiLIW7LQq9Q2NES+HiD4NyT8Itj9AUeCl0IVCA459WnPhREKgwrpaIfTOe+/2rdntisegiPWn/r/aAw=="],

    "@esbuild/linux-ppc64": ["@esbuild/linux-ppc64@0.27.4", "", { "os": "linux", "cpu": "ppc64" }, "sha512-tLCwNG47l3sd9lpfyx9LAGEGItCUeRCWeAx6x2Jmbav65nAwoPXfewtAdtbtit/pJFLUWOhpv0FpS6GQAmPrHA=="],

    "@esbuild/linux-riscv64": ["@esbuild/linux-riscv64@0.27.4", "", { "os": "linux", "cpu": "none" }, "sha512-BnASypppbUWyqjd1KIpU4AUBiIhVr6YlHx/cnPgqEkNoVOhHg+YiSVxM1RLfiy4t9cAulbRGTNCKOcqHrEQLIw=="],

    "@esbuild/linux-s390x": ["@esbuild/linux-s390x@0.27.4", "", { "os": "linux", "cpu": "s390x" }, "sha512-+eUqgb/Z7vxVLezG8bVB9SfBie89gMueS+I0xYh2tJdw3vqA/0ImZJ2ROeWwVJN59ihBeZ7Tu92dF/5dy5FttA=="],

    "@esbuild/linux-x64": ["@esbuild/linux-x64@0.27.4", "", { "os": "linux", "cpu": "x64" }, "sha512-S5qOXrKV8BQEzJPVxAwnryi2+Iq5pB40gTEIT69BQONqR7JH1EPIcQ/Uiv9mCnn05jff9umq/5nqzxlqTOg9NA=="],

    "@esbuild/netbsd-arm64": ["@esbuild/netbsd-arm64@0.27.4", "", { "os": "none", "cpu": "arm64" }, "sha512-xHT8X4sb0GS8qTqiwzHqpY00C95DPAq7nAwX35Ie/s+LO9830hrMd3oX0ZMKLvy7vsonee73x0lmcdOVXFzd6Q=="],

    "@esbuild/netbsd-x64": ["@esbuild/netbsd-x64@0.27.4", "", { "os": "none", "cpu": "x64" }, "sha512-RugOvOdXfdyi5Tyv40kgQnI0byv66BFgAqjdgtAKqHoZTbTF2QqfQrFwa7cHEORJf6X2ht+l9ABLMP0dnKYsgg=="],

    "@esbuild/openbsd-arm64": ["@esbuild/openbsd-arm64@0.27.4", "", { "os": "openbsd", "cpu": "arm64" }, "sha512-2MyL3IAaTX+1/qP0O1SwskwcwCoOI4kV2IBX1xYnDDqthmq5ArrW94qSIKCAuRraMgPOmG0RDTA74mzYNQA9ow=="],

    "@esbuild/openbsd-x64": ["@esbuild/openbsd-x64@0.27.4", "", { "os": "openbsd", "cpu": "x64" }, "sha512-u8fg/jQ5aQDfsnIV6+KwLOf1CmJnfu1ShpwqdwC0uA7ZPwFws55Ngc12vBdeUdnuWoQYx/SOQLGDcdlfXhYmXQ=="],

    "@esbuild/openharmony-arm64": ["@esbuild/openharmony-arm64@0.27.4", "", { "os": "none", "cpu": "arm64" }, "sha512-JkTZrl6VbyO8lDQO3yv26nNr2RM2yZzNrNHEsj9bm6dOwwu9OYN28CjzZkH57bh4w0I2F7IodpQvUAEd1mbWXg=="],

    "@esbuild/sunos-x64": ["@esbuild/sunos-x64@0.27.4", "", { "os": "sunos", "cpu": "x64" }, "sha512-/gOzgaewZJfeJTlsWhvUEmUG4tWEY2Spp5M20INYRg2ZKl9QPO3QEEgPeRtLjEWSW8FilRNacPOg8R1uaYkA6g=="],

    "@esbuild/win32-arm64": ["@esbuild/win32-arm64@0.27.4", "", { "os": "win32", "cpu": "arm64" }, "sha512-Z9SExBg2y32smoDQdf1HRwHRt6vAHLXcxD2uGgO/v2jK7Y718Ix4ndsbNMU/+1Qiem9OiOdaqitioZwxivhXYg=="],

    "@esbuild/win32-ia32": ["@esbuild/win32-ia32@0.27.4", "", { "os": "win32", "cpu": "ia32" }, "sha512-DAyGLS0Jz5G5iixEbMHi5KdiApqHBWMGzTtMiJ72ZOLhbu/bzxgAe8Ue8CTS3n3HbIUHQz/L51yMdGMeoxXNJw=="],

    "@esbuild/win32-x64": ["@esbuild/win32-x64@0.27.4", "", { "os": "win32", "cpu": "x64" }, "sha512-+knoa0BDoeXgkNvvV1vvbZX4+hizelrkwmGJBdT17t8FNPwG2lKemmuMZlmaNQ3ws3DKKCxpb4zRZEIp3UxFCg=="],

    "@prisma/client": ["@prisma/client@5.19.1", "", { "optionalDependencies": { "prisma": "5.19.1" } }, "sha512-x30GFguInsgt+4z5I4WbkZP2CGpotJMUXy+Gl/aaUjHn2o1DnLYNTA+q9XdYmAQZM8fIIkvUiA2NpgosM3fneg=="],

    "@prisma/debug": ["@prisma/debug@5.19.1", "", {}, "sha512-lAG6A6QnG2AskAukIEucYJZxxcSqKsMK74ZFVfCTOM/7UiyJQi48v6TQ47d6qKG3LbMslqOvnTX25dj/qvclGg=="],

    "@prisma/engines": ["@prisma/engines@5.19.1", "", { "dependencies": { "@prisma/debug": "5.19.1", "@prisma/engines-version": "5.19.1-2.69d742ee20b815d88e17e54db4a2a7a3b30324e3", "@prisma/fetch-engine": "5.19.1", "@prisma/get-platform": "5.19.1" } }, "sha512-kR/PoxZDrfUmbbXqqb8SlBBgCjvGaJYMCOe189PEYzq9rKqitQ2fvT/VJ8PDSe8tTNxhc2KzsCfCAL+Iwm/7Cg=="],

    "@prisma/engines-version": ["@prisma/engines-version@5.19.1-2.69d742ee20b815d88e17e54db4a2a7a3b30324e3", "", {}, "sha512-xR6rt+z5LnNqTP5BBc+8+ySgf4WNMimOKXRn6xfNRDSpHvbOEmd7+qAOmzCrddEc4Cp8nFC0txU14dstjH7FXA=="],

    "@prisma/fetch-engine": ["@prisma/fetch-engine@5.19.1", "", { "dependencies": { "@prisma/debug": "5.19.1", "@prisma/engines-version": "5.19.1-2.69d742ee20b815d88e17e54db4a2a7a3b30324e3", "@prisma/get-platform": "5.19.1" } }, "sha512-pCq74rtlOVJfn4pLmdJj+eI4P7w2dugOnnTXpRilP/6n5b2aZiA4ulJlE0ddCbTPkfHmOL9BfaRgA8o+1rfdHw=="],

    "@prisma/get-platform": ["@prisma/get-platform@5.19.1", "", { "dependencies": { "@prisma/debug": "5.19.1" } }, "sha512-sCeoJ+7yt0UjnR+AXZL7vXlg5eNxaFOwC23h0KvW1YIXUoa7+W2ZcAUhoEQBmJTW4GrFqCuZ8YSP0mkDa4k3Zg=="],

    "@tensorflow-models/universal-sentence-encoder": ["@tensorflow-models/universal-sentence-encoder@1.3.3", "", { "peerDependencies": { "@tensorflow/tfjs-converter": "^3.6.0", "@tensorflow/tfjs-core": "^3.6.0" } }, "sha512-mipL7ad0CW6uQ68FUkNgkNj/zgA4qgBnNcnMMkNTdL9MUMnzCxu3AE8pWnx2ReKHwdqEG4e8IpaYKfH4B8bojg=="],

    "@tensorflow/tfjs": ["@tensorflow/tfjs@4.22.0", "", { "dependencies": { "@tensorflow/tfjs-backend-cpu": "4.22.0", "@tensorflow/tfjs-backend-webgl": "4.22.0", "@tensorflow/tfjs-converter": "4.22.0", "@tensorflow/tfjs-core": "4.22.0", "@tensorflow/tfjs-data": "4.22.0", "@tensorflow/tfjs-layers": "4.22.0", "argparse": "^1.0.10", "chalk": "^4.1.0", "core-js": "3.29.1", "regenerator-runtime": "^0.13.5", "yargs": "^16.0.3" }, "bin": { "tfjs-custom-module": "dist/tools/custom_module/cli.js" } }, "sha512-0TrIrXs6/b7FLhLVNmfh8Sah6JgjBPH4mZ8JGb7NU6WW+cx00qK5BcAZxw7NCzxj6N8MRAIfHq+oNbPUNG5VAg=="],

    "@tensorflow/tfjs-backend-cpu": ["@tensorflow/tfjs-backend-cpu@4.22.0", "", { "dependencies": { "@types/seedrandom": "^2.4.28", "seedrandom": "^3.0.5" }, "peerDependencies": { "@tensorflow/tfjs-core": "4.22.0" } }, "sha512-1u0FmuLGuRAi8D2c3cocHTASGXOmHc/4OvoVDENJayjYkS119fcTcQf4iHrtLthWyDIPy3JiPhRrZQC9EwnhLw=="],

    "@tensorflow/tfjs-backend-webgl": ["@tensorflow/tfjs-backend-webgl@4.22.0", "", { "dependencies": { "@tensorflow/tfjs-backend-cpu": "4.22.0", "@types/offscreencanvas": "~2019.3.0", "@types/seedrandom": "^2.4.28", "seedrandom": "^3.0.5" }, "peerDependencies": { "@tensorflow/tfjs-core": "4.22.0" } }, "sha512-H535XtZWnWgNwSzv538czjVlbJebDl5QTMOth4RXr2p/kJ1qSIXE0vZvEtO+5EC9b00SvhplECny2yDewQb/Yg=="],

    "@tensorflow/tfjs-converter": ["@tensorflow/tfjs-converter@4.22.0", "", { "peerDependencies": { "@tensorflow/tfjs-core": "4.22.0" } }, "sha512-PT43MGlnzIo+YfbsjM79Lxk9lOq6uUwZuCc8rrp0hfpLjF6Jv8jS84u2jFb+WpUeuF4K33ZDNx8CjiYrGQ2trQ=="],

    "@tensorflow/tfjs-core": ["@tensorflow/tfjs-core@4.22.0", "", { "dependencies": { "@types/long": "^4.0.1", "@types/offscreencanvas": "~2019.7.0", "@types/seedrandom": "^2.4.28", "@webgpu/types": "0.1.38", "long": "4.0.0", "node-fetch": "~2.6.1", "seedrandom": "^3.0.5" } }, "sha512-LEkOyzbknKFoWUwfkr59vSB68DMJ4cjwwHgicXN0DUi3a0Vh1Er3JQqCI1Hl86GGZQvY8ezVrtDIvqR1ZFW55A=="],

    "@tensorflow/tfjs-data": ["@tensorflow/tfjs-data@4.22.0", "", { "dependencies": { "@types/node-fetch": "^2.1.2", "node-fetch": "~2.6.1", "string_decoder": "^1.3.0" }, "peerDependencies": { "@tensorflow/tfjs-core": "4.22.0", "seedrandom": "^3.0.5" } }, "sha512-dYmF3LihQIGvtgJrt382hSRH4S0QuAp2w1hXJI2+kOaEqo5HnUPG0k5KA6va+S1yUhx7UBToUKCBHeLHFQRV4w=="],

    "@tensorflow/tfjs-layers": ["@tensorflow/tfjs-layers@4.22.0", "", { "peerDependencies": { "@tensorflow/tfjs-core": "4.22.0" } }, "sha512-lybPj4ZNj9iIAPUj7a8ZW1hg8KQGfqWLlCZDi9eM/oNKCCAgchiyzx8OrYoWmRrB+AM6VNEeIT+2gZKg5ReihA=="],

    "@types/bun": ["@types/bun@1.3.11", "", { "dependencies": { "bun-types": "1.3.11" } }, "sha512-5vPne5QvtpjGpsGYXiFyycfpDF2ECyPcTSsFBMa0fraoxiQyMJ3SmuQIGhzPg2WJuWxVBoxWJ2kClYTcw/4fAg=="],

    "@types/long": ["@types/long@4.0.2", "", {}, "sha512-MqTGEo5bj5t157U6fA/BiDynNkn0YknVdh48CMPkTSpFTVmvao5UQmm7uEF6xBEo7qIMAlY/JSleYaE6VOdpaA=="],

    "@types/node": ["@types/node@22.19.15", "", { "dependencies": { "undici-types": "6.21.0" } }, "sha512-F0R/h2+dsy5wJAUe3tAU6oqa2qbWY5TpNfL/RGmo1y38hiyO1w3x2jPtt76wmuaJI4DQnOBu21cNXQ2STIUUWg=="],

    "@types/node-fetch": ["@types/node-fetch@2.6.13", "", { "dependencies": { "@types/node": "*", "form-data": "^4.0.4" } }, "sha512-QGpRVpzSaUs30JBSGPjOg4Uveu384erbHBoT1zeONvyCfwQxIkUshLAOqN/k9EjGviPRmWTTe6aH2qySWKTVSw=="],

    "@types/offscreencanvas": ["@types/offscreencanvas@2019.7.3", "", {}, "sha512-ieXiYmgSRXUDeOntE1InxjWyvEelZGP63M+cGuquuRLuIKKT1osnkXjxev9B7d1nXSug5vpunx+gNlbVxMlC9A=="],

    "@types/pdf-parse": ["@types/pdf-parse@1.1.5", "", { "dependencies": { "@types/node": "22.19.15" } }, "sha512-kBfrSXsloMnUJOKi25s3+hRmkycHfLK6A09eRGqF/N8BkQoPUmaCr+q8Cli5FnfohEz/rsv82zAiPz/LXtOGhA=="],

    "@types/seedrandom": ["@types/seedrandom@2.4.34", "", {}, "sha512-ytDiArvrn/3Xk6/vtylys5tlY6eo7Ane0hvcx++TKo6RxQXuVfW0AF/oeWqAj9dN29SyhtawuXstgmPlwNcv/A=="],

    "@webgpu/types": ["@webgpu/types@0.1.38", "", {}, "sha512-7LrhVKz2PRh+DD7+S+PVaFd5HxaWQvoMqBbsV9fNJO1pjUs1P8bM2vQVNfk+3URTqbuTI7gkXi0rfsN0IadoBA=="],

    "ansi-regex": ["ansi-regex@5.0.1", "", {}, "sha512-quJQXlTSUGL2LH9SUXo8VwsY4soanhgo6LNSm84E1LBcE8s3O0wpdiRzyR9z/ZZJMlMWv37qOOb9pdJlMUEKFQ=="],

    "ansi-styles": ["ansi-styles@4.3.0", "", { "dependencies": { "color-convert": "^2.0.1" } }, "sha512-zbB9rCJAT1rbjiVDb2hqKFHNYLxgtk8NURxZ3IZwD3F6NtxbXZQCnnSi1Lkx+IDohdPlFp222wVALIheZJQSEg=="],

    "argparse": ["argparse@1.0.10", "", { "dependencies": { "sprintf-js": "~1.0.2" } }, "sha512-o5Roy6tNG4SL/FOkCAN6RzjiakZS25RLYFrcMttJqbdd8BWrnA+fGz57iN5Pb06pvBGvl5gQ0B48dJlslXvoTg=="],

    "asynckit": ["asynckit@0.4.0", "", {}, "sha512-Oei9OH4tRh0YqU3GxhX79dM/mwVgvbZJaSNaRk+bshkj0S5cfHcgYakreBjrHwatXKbz+IoIdYLxrKim2MjW0Q=="],

    "bun-types": ["bun-types@1.3.11", "", { "dependencies": { "@types/node": "*" } }, "sha512-1KGPpoxQWl9f6wcZh57LvrPIInQMn2TQ7jsgxqpRzg+l0QPOFvJVH7HmvHo/AiPgwXy+/Thf6Ov3EdVn1vOabg=="],

    "call-bind-apply-helpers": ["call-bind-apply-helpers@1.0.2", "", { "dependencies": { "es-errors": "^1.3.0", "function-bind": "^1.1.2" } }, "sha512-Sp1ablJ0ivDkSzjcaJdxEunN5/XvksFJ2sMBFfq6x0ryhQV/2b/KwFe21cMpmHtPOSij8K99/wSfoEuTObmuMQ=="],

    "chalk": ["chalk@4.1.2", "", { "dependencies": { "ansi-styles": "^4.1.0", "supports-color": "^7.1.0" } }, "sha512-oKnbhFyRIXpUuez8iBMmyEa4nbj4IOQyuhc/wy9kY7/WVPcwIO9VA668Pu8RkO7+0G76SLROeyw9CpQ061i4mA=="],

    "cliui": ["cliui@7.0.4", "", { "dependencies": { "string-width": "^4.2.0", "strip-ansi": "^6.0.0", "wrap-ansi": "^7.0.0" } }, "sha512-OcRE68cOsVMXp1Yvonl/fzkQOyjLSu/8bhPDfQt0e0/Eb283TKP20Fs2MqoPsr9SwA595rRCA+QMzYc9nBP+JQ=="],

    "color-convert": ["color-convert@2.0.1", "", { "dependencies": { "color-name": "~1.1.4" } }, "sha512-RRECPsj7iu/xb5oKYcsFHSppFNnsj/52OVTRKb4zP5onXwVF3zVmmToNcOfGC+CRDpfK/U584fMg38ZHCaElKQ=="],

    "color-name": ["color-name@1.1.4", "", {}, "sha512-dOy+3AuW3a2wNbZHIuMZpTcgjGuLU/uBL/ubcZF9OXbDo8ff4O8yVp5Bf0efS8uEoYo5q4Fx7dY9OgQGXgAsQA=="],

    "combined-stream": ["combined-stream@1.0.8", "", { "dependencies": { "delayed-stream": "~1.0.0" } }, "sha512-FQN4MRfuJeHf7cBbBMJFXhKSDq+2kAArBlmRBvcvFE5BB1HZKXtSFASDhdlz9zOYwxh8lDdnvmMOe/+5cdoEdg=="],

    "core-js": ["core-js@3.29.1", "", {}, "sha512-+jwgnhg6cQxKYIIjGtAHq2nwUOolo9eoFZ4sHfUH09BLXBgxnH4gA0zEd+t+BO2cNB8idaBtZFcFTRjQJRJmAw=="],

    "delayed-stream": ["delayed-stream@1.0.0", "", {}, "sha512-ZySD7Nf91aLB0RxL4KGrKHBXl7Eds1DAmEdcoVawXnLD7SDhpNgtuII2aAkg7a7QS41jxPSZ17p4VdGnMHk3MQ=="],

    "dunder-proto": ["dunder-proto@1.0.1", "", { "dependencies": { "call-bind-apply-helpers": "^1.0.1", "es-errors": "^1.3.0", "gopd": "^1.2.0" } }, "sha512-KIN/nDJBQRcXw0MLVhZE9iQHmG68qAVIBg9CqmUYjmQIhgij9U5MFvrqkUL5FbtyyzZuOeOt0zdeRe4UY7ct+A=="],

    "emoji-regex": ["emoji-regex@8.0.0", "", {}, "sha512-MSjYzcWNOA0ewAHpz0MxpYFvwg6yjy1NG3xteoqz644VCo/RPgnr1/GGt+ic3iJTzQ8Eu3TdM14SawnVUmGE6A=="],

    "es-define-property": ["es-define-property@1.0.1", "", {}, "sha512-e3nRfgfUZ4rNGL232gUgX06QNyyez04KdjFrF+LTRoOXmrOgFKDg4BCdsjW8EnT69eqdYGmRpJwiPVYNrCaW3g=="],

    "es-errors": ["es-errors@1.3.0", "", {}, "sha512-Zf5H2Kxt2xjTvbJvP2ZWLEICxA6j+hAmMzIlypy4xcBg1vKVnx89Wy0GbS+kf5cwCVFFzdCFh2XSCFNULS6csw=="],

    "es-object-atoms": ["es-object-atoms@1.1.1", "", { "dependencies": { "es-errors": "^1.3.0" } }, "sha512-FGgH2h8zKNim9ljj7dankFPcICIK9Cp5bm+c2gQSYePhpaG5+esrLODihIorn+Pe6FGJzWhXQotPv73jTaldXA=="],

    "es-set-tostringtag": ["es-set-tostringtag@2.1.0", "", { "dependencies": { "es-errors": "^1.3.0", "get-intrinsic": "^1.2.6", "has-tostringtag": "^1.0.2", "hasown": "^2.0.2" } }, "sha512-j6vWzfrGVfyXxge+O0x5sh6cvxAog0a/4Rdd2K36zCMV5eJ+/+tOAngRO8cODMNWbVRdVlmGZQL2YS3yR8bIUA=="],

    "esbuild": ["esbuild@0.27.4", "", { "optionalDependencies": { "@esbuild/aix-ppc64": "0.27.4", "@esbuild/android-arm": "0.27.4", "@esbuild/android-arm64": "0.27.4", "@esbuild/android-x64": "0.27.4", "@esbuild/darwin-arm64": "0.27.4", "@esbuild/darwin-x64": "0.27.4", "@esbuild/freebsd-arm64": "0.27.4", "@esbuild/freebsd-x64": "0.27.4", "@esbuild/linux-arm": "0.27.4", "@esbuild/linux-arm64": "0.27.4", "@esbuild/linux-ia32": "0.27.4", "@esbuild/linux-loong64": "0.27.4", "@esbuild/linux-mips64el": "0.27.4", "@esbuild/linux-ppc64": "0.27.4", "@esbuild/linux-riscv64": "0.27.4", "@esbuild/linux-s390x": "0.27.4", "@esbuild/linux-x64": "0.27.4", "@esbuild/netbsd-arm64": "0.27.4", "@esbuild/netbsd-x64": "0.27.4", "@esbuild/openbsd-arm64": "0.27.4", "@esbuild/openbsd-x64": "0.27.4", "@esbuild/openharmony-arm64": "0.27.4", "@esbuild/sunos-x64": "0.27.4", "@esbuild/win32-arm64": "0.27.4", "@esbuild/win32-ia32": "0.27.4", "@esbuild/win32-x64": "0.27.4" }, "bin": { "esbuild": "bin/esbuild" } }, "sha512-Rq4vbHnYkK5fws5NF7MYTU68FPRE1ajX7heQ/8QXXWqNgqqJ/GkmmyxIzUnf2Sr/bakf8l54716CcMGHYhMrrQ=="],

    "escalade": ["escalade@3.2.0", "", {}, "sha512-WUj2qlxaQtO4g6Pq5c29GTcWGDyd8itL8zTlipgECz3JesAiiOKotd8JU6otB3PACgG6xkJUyVhboMS+bje/jA=="],

    "form-data": ["form-data@4.0.5", "", { "dependencies": { "asynckit": "^0.4.0", "combined-stream": "^1.0.8", "es-set-tostringtag": "^2.1.0", "hasown": "^2.0.2", "mime-types": "^2.1.12" } }, "sha512-8RipRLol37bNs2bhoV67fiTEvdTrbMUYcFTiy3+wuuOnUog2QBHCZWXDRijWQfAkhBj2Uf5UnVaiWwA5vdd82w=="],

    "fsevents": ["fsevents@2.3.3", "", { "os": "darwin" }, "sha512-5xoDfX+fL7faATnagmWPpbFtwh/R77WmMMqqHGS65C3vvB0YHrgF+B1YmZ3441tMj5n63k0212XNoJwzlhffQw=="],

    "function-bind": ["function-bind@1.1.2", "", {}, "sha512-7XHNxH7qX9xG5mIwxkhumTox/MIRNcOgDrxWsMt2pAr23WHp6MrRlN7FBSFpCpr+oVO0F744iUgR82nJMfG2SA=="],

    "fuse-native": ["fuse-native@2.2.6", "", { "dependencies": { "fuse-shared-library": "^1.0.2", "nanoresource": "^1.3.0", "napi-macros": "^2.0.0", "node-gyp-build": "^4.2.0" }, "bin": { "fuse-native": "bin.js" } }, "sha512-Y5wXd7vUsWWWIIHbjluv7jKZgPZaSVA5YWaW3I5fXIJfcGWL6IRUgoBUveQAq+D8cG9cCiGNahv9CeToccCXrw=="],

    "fuse-shared-library": ["fuse-shared-library@1.1.1", "", { "dependencies": { "fuse-shared-library-darwin": "^1.0.3", "fuse-shared-library-linux": "^1.0.1", "fuse-shared-library-linux-arm": "^1.0.0" } }, "sha512-EfgTo/eS1euZFUe7x8KqyA40hV4DwP7kqp1VNZApu2nlPnJv8SanraBE3VXyX7ff41sxw7M0oWY7re3G3wnZVA=="],

    "fuse-shared-library-darwin": ["fuse-shared-library-darwin@1.1.3", "", {}, "sha512-4Q8gMxyMl1+gwHGpiYUoKKpi7xq8WcPo0TvJvjZzHMuCiszouu2GgEs6SJAqPB3LjfmEkl6kPV+2Oluczr0Nig=="],

    "fuse-shared-library-linux": ["fuse-shared-library-linux@1.0.1", "", {}, "sha512-07MQRSobrBKwW4D7oKm0gM2TwgvZWb+gC08JdiYDG4KBTncxk9ssqEDiDMKll8hpseZufsY2w1yc/feOu2DPmQ=="],

    "fuse-shared-library-linux-arm": ["fuse-shared-library-linux-arm@1.0.0", "", {}, "sha512-Dj4ssxo1/MKGvOsVWRblSRu+o5F5OJTrVPDkjSyGDU2yKvVnIzQSwy1deiWA0qCcS/Q8iJMlZaCpCcZWSwvoug=="],

    "get-caller-file": ["get-caller-file@2.0.5", "", {}, "sha512-DyFP3BM/3YHTQOCUL/w0OZHR0lpKeGrxotcHWcqNEdnltqFwXVfhEBQ94eIo34AfQpo0rGki4cyIiftY06h2Fg=="],

    "get-intrinsic": ["get-intrinsic@1.3.0", "", { "dependencies": { "call-bind-apply-helpers": "^1.0.2", "es-define-property": "^1.0.1", "es-errors": "^1.3.0", "es-object-atoms": "^1.1.1", "function-bind": "^1.1.2", "get-proto": "^1.0.1", "gopd": "^1.2.0", "has-symbols": "^1.1.0", "hasown": "^2.0.2", "math-intrinsics": "^1.1.0" } }, "sha512-9fSjSaos/fRIVIp+xSJlE6lfwhES7LNtKaCBIamHsjr2na1BiABJPo0mOjjz8GJDURarmCPGqaiVg5mfjb98CQ=="],

    "get-proto": ["get-proto@1.0.1", "", { "dependencies": { "dunder-proto": "^1.0.1", "es-object-atoms": "^1.0.0" } }, "sha512-sTSfBjoXBp89JvIKIefqw7U2CCebsc74kiY6awiGogKtoSGbgjYE/G/+l9sF3MWFPNc9IcoOC4ODfKHfxFmp0g=="],

    "get-tsconfig": ["get-tsconfig@4.13.7", "", { "dependencies": { "resolve-pkg-maps": "1.0.0" } }, "sha512-7tN6rFgBlMgpBML5j8typ92BKFi2sFQvIdpAqLA2beia5avZDrMs0FLZiM5etShWq5irVyGcGMEA1jcDaK7A/Q=="],

    "gopd": ["gopd@1.2.0", "", {}, "sha512-ZUKRh6/kUFoAiTAtTYPZJ3hw9wNxx+BIBOijnlG9PnrJsCcSjs1wyyD6vJpaYtgnzDrKYRSqf3OO6Rfa93xsRg=="],

    "has-flag": ["has-flag@4.0.0", "", {}, "sha512-EykJT/Q1KjTWctppgIAgfSO0tKVuZUjhgMr17kqTumMl6Afv3EISleU7qZUzoXDFTAHTDC4NOoG/ZxU3EvlMPQ=="],

    "has-symbols": ["has-symbols@1.1.0", "", {}, "sha512-1cDNdwJ2Jaohmb3sg4OmKaMBwuC48sYni5HUw2DvsC8LjGTLK9h+eb1X6RyuOHe4hT0ULCW68iomhjUoKUqlPQ=="],

    "has-tostringtag": ["has-tostringtag@1.0.2", "", { "dependencies": { "has-symbols": "^1.0.3" } }, "sha512-NqADB8VjPFLM2V0VvHUewwwsw0ZWBaIdgo+ieHtK3hasLz4qeCRjYcqfB6AQrBggRKppKF8L52/VqdVsO47Dlw=="],

    "hasown": ["hasown@2.0.2", "", { "dependencies": { "function-bind": "^1.1.2" } }, "sha512-0hJU9SCPvmMzIBdZFqNPXWa6dqh7WdH0cII9y+CyS8rG3nL48Bclra9HmKhVVUHyPWNH5Y7xDwAB7bfgSjkUMQ=="],

    "helix-ts": ["helix-ts@1.0.8", "", {}, "sha512-YPM3dLbzF8XPam9cVEXtdF0Mc/FCjDG68msZOcDb6tZWfQ7ZWOUVUHp5n5G9Be5Ekky3abgrrh/7WauwMzm1tw=="],

    "inherits": ["inherits@2.0.4", "", {}, "sha512-k/vGaX4/Yla3WzyMCvTQOXYeIHvqOKtnqBduzTHpzpQZzAskKMhZ2K+EnBiSM9zGSoIFeMpXKxa4dYeZIQqewQ=="],

    "is-fullwidth-code-point": ["is-fullwidth-code-point@3.0.0", "", {}, "sha512-zymm5+u+sCsSWyD9qNaejV3DFvhCKclKdizYaJUuHA83RLjb7nSuGnddCHGv0hk+KY7BMAlsWeK4Ueg6EV6XQg=="],

    "long": ["long@4.0.0", "", {}, "sha512-XsP+KhQif4bjX1kbuSiySJFNAehNxgLb6hPRGJ9QsUr8ajHkuXGdrHmFUTUUXhDwVX2R5bY4JNZEwbUiMhV+MA=="],

    "math-intrinsics": ["math-intrinsics@1.1.0", "", {}, "sha512-/IXtbwEk5HTPyEwyKX6hGkYXxM9nbj64B+ilVJnC/R6B0pH5G4V3b0pVbL7DBj4tkhBAppbQUlf6F6Xl9LHu1g=="],

    "mime-db": ["mime-db@1.52.0", "", {}, "sha512-sPU4uV7dYlvtWJxwwxHD0PuihVNiE7TyAbQ5SWxDCB9mUYvOgroQOwYQQOKPJ8CIbE+1ETVlOoK1UC2nU3gYvg=="],

    "mime-types": ["mime-types@2.1.35", "", { "dependencies": { "mime-db": "1.52.0" } }, "sha512-ZDY+bPm5zTTF+YpCrAU9nK0UgICYPT0QtT1NZWFv4s++TNkcgVaT0g6+4R2uI4MjQjzysHB1zxuWL50hzaeXiw=="],

    "nanoresource": ["nanoresource@1.3.0", "", { "dependencies": { "inherits": "^2.0.4" } }, "sha512-OI5dswqipmlYfyL3k/YMm7mbERlh4Bd1KuKdMHpeoVD1iVxqxaTMKleB4qaA2mbQZ6/zMNSxCXv9M9P/YbqTuQ=="],

    "napi-macros": ["napi-macros@2.2.2", "", {}, "sha512-hmEVtAGYzVQpCKdbQea4skABsdXW4RUh5t5mJ2zzqowJS2OyXZTU1KhDVFhx+NlWZ4ap9mqR9TcDO3LTTttd+g=="],

    "node-ensure": ["node-ensure@0.0.0", "", {}, "sha512-DRI60hzo2oKN1ma0ckc6nQWlHU69RH6xN0sjQTjMpChPfTYvKZdcQFfdYK2RWbJcKyUizSIy/l8OTGxMAM1QDw=="],

    "node-fetch": ["node-fetch@2.6.13", "", { "dependencies": { "whatwg-url": "^5.0.0" }, "peerDependencies": { "encoding": "^0.1.0" }, "optionalPeers": ["encoding"] }, "sha512-StxNAxh15zr77QvvkmveSQ8uCQ4+v5FkvNTj0OESmiHu+VRi/gXArXtkWMElOsOUNLtUEvI4yS+rdtOHZTwlQA=="],

    "node-gyp-build": ["node-gyp-build@4.8.4", "", { "bin": { "node-gyp-build": "bin.js", "node-gyp-build-optional": "optional.js", "node-gyp-build-test": "build-test.js" } }, "sha512-LA4ZjwlnUblHVgq0oBF3Jl/6h/Nvs5fzBLwdEF4nuxnFdsfajde4WfxtJr3CaiH+F6ewcIB/q4jQ4UzPyid+CQ=="],

    "pdf-parse": ["pdf-parse@1.1.4", "", { "dependencies": { "node-ensure": "0.0.0" } }, "sha512-XRIRcLgk6ZnUbsHsYXExMw+krrPE81hJ6FQPLdBNhhBefqIQKXu/WeTgNBGSwPrfU0v+UCEwn7AoAUOsVKHFvQ=="],

    "prisma": ["prisma@5.19.1", "", { "dependencies": { "@prisma/engines": "5.19.1" }, "optionalDependencies": { "fsevents": "2.3.3" }, "bin": { "prisma": "build/index.js" } }, "sha512-c5K9MiDaa+VAAyh1OiYk76PXOme9s3E992D7kvvIOhCrNsBQfy2mP2QAQtX0WNj140IgG++12kwZpYB9iIydNQ=="],

    "regenerator-runtime": ["regenerator-runtime@0.13.11", "", {}, "sha512-kY1AZVr2Ra+t+piVaJ4gxaFaReZVH40AKNo7UCX6W+dEwBo/2oZJzqfuN1qLq1oL45o56cPaTXELwrTh8Fpggg=="],

    "require-directory": ["require-directory@2.1.1", "", {}, "sha512-fGxEI7+wsG9xrvdjsrlmL22OMTTiHRwAMroiEeMgq8gzoLC/PQr7RsRDSTLUg/bZAZtF+TVIkHc6/4RIKrui+Q=="],

    "resolve-pkg-maps": ["resolve-pkg-maps@1.0.0", "", {}, "sha512-seS2Tj26TBVOC2NIc2rOe2y2ZO7efxITtLZcGSOnHHNOQ7CkiUBfw0Iw2ck6xkIhPwLhKNLS8BO+hEpngQlqzw=="],

    "safe-buffer": ["safe-buffer@5.2.1", "", {}, "sha512-rp3So07KcdmmKbGvgaNxQSJr7bGVSVk5S9Eq1F+ppbRo70+YeaDxkw5Dd8NPN+GD6bjnYm2VuPuCXmpuYvmCXQ=="],

    "seedrandom": ["seedrandom@3.0.5", "", {}, "sha512-8OwmbklUNzwezjGInmZ+2clQmExQPvomqjL7LFqOYqtmuxRgQYqOD3mHaU+MvZn5FLUeVxVfQjwLZW/n/JFuqg=="],

    "smol-toml": ["smol-toml@1.6.1", "", {}, "sha512-dWUG8F5sIIARXih1DTaQAX4SsiTXhInKf1buxdY9DIg4ZYPZK5nGM1VRIYmEbDbsHt7USo99xSLFu5Q1IqTmsg=="],

    "sprintf-js": ["sprintf-js@1.0.3", "", {}, "sha512-D9cPgkvLlV3t3IzL0D0YLvGA9Ahk4PcvVwUbN0dSGr1aP0Nrt4AEnTUbuGvquEC0mA64Gqt1fzirlRs5ibXx8g=="],

    "string-width": ["string-width@4.2.3", "", { "dependencies": { "emoji-regex": "^8.0.0", "is-fullwidth-code-point": "^3.0.0", "strip-ansi": "^6.0.1" } }, "sha512-wKyQRQpjJ0sIp62ErSZdGsjMJWsap5oRNihHhu6G7JVO/9jIB6UyevL+tXuOqrng8j/cxKTWyWUwvSTriiZz/g=="],

    "string_decoder": ["string_decoder@1.3.0", "", { "dependencies": { "safe-buffer": "~5.2.0" } }, "sha512-hkRX8U1WjJFd8LsDJ2yQ/wWWxaopEsABU1XfkM8A+j0+85JAGppt16cr1Whg6KIbb4okU6Mql6BOj+uup/wKeA=="],

    "strip-ansi": ["strip-ansi@6.0.1", "", { "dependencies": { "ansi-regex": "^5.0.1" } }, "sha512-Y38VPSHcqkFrCpFnQ9vuSXmquuv5oXOKpGeT6aGrr3o3Gc9AlVa6JBfUSOCnbxGGZF+/0ooI7KrPuUSztUdU5A=="],

    "supports-color": ["supports-color@7.2.0", "", { "dependencies": { "has-flag": "^4.0.0" } }, "sha512-qpCAvRl9stuOHveKsn7HncJRvv501qIacKzQlO/+Lwxc9+0q2wLyv4Dfvt80/DPn2pqOBsJdDiogXGR9+OvwRw=="],

    "tr46": ["tr46@0.0.3", "", {}, "sha512-N3WMsuqV66lT30CrXNbEjx4GEwlow3v6rr4mCcv6prnfwhS01rkgyFdjPNBYd9br7LpXV1+Emh01fHnq2Gdgrw=="],

    "tsx": ["tsx@4.21.0", "", { "dependencies": { "esbuild": "0.27.4", "get-tsconfig": "4.13.7" }, "optionalDependencies": { "fsevents": "2.3.3" }, "bin": { "tsx": "dist/cli.mjs" } }, "sha512-5C1sg4USs1lfG0GFb2RLXsdpXqBSEhAaA/0kPL01wxzpMqLILNxIxIOKiILz+cdg/pLnOUxFYOR5yhHU666wbw=="],

    "typescript": ["typescript@5.9.3", "", { "bin": { "tsc": "bin/tsc", "tsserver": "bin/tsserver" } }, "sha512-jl1vZzPDinLr9eUt3J/t7V6FgNEw9QjvBPdysz9KfQDD41fQrC2Y4vKQdiaUpFT4bXlb1RHhLpp8wtm6M5TgSw=="],

    "undici-types": ["undici-types@6.21.0", "", {}, "sha512-iwDZqg0QAGrg9Rav5H4n0M64c3mkR59cJ6wQp+7C4nI0gsmExaedaYLNO44eT4AtBBwjbTiGPMlt2Md0T9H9JQ=="],

    "webidl-conversions": ["webidl-conversions@3.0.1", "", {}, "sha512-2JAn3z8AR6rjK8Sm8orRC0h/bcl/DqL7tRPdGZ4I1CjdF+EaMLmYxBHyXuKL849eucPFhvBoxMsflfOb8kxaeQ=="],

    "whatwg-url": ["whatwg-url@5.0.0", "", { "dependencies": { "tr46": "~0.0.3", "webidl-conversions": "^3.0.0" } }, "sha512-saE57nupxk6v3HY35+jzBwYa0rKSy0XR8JSxZPwgLr7ys0IBzhGviA1/TUGJLmSVqs8pb9AnvICXEuOHLprYTw=="],

    "wrap-ansi": ["wrap-ansi@7.0.0", "", { "dependencies": { "ansi-styles": "^4.0.0", "string-width": "^4.1.0", "strip-ansi": "^6.0.0" } }, "sha512-YVGIj2kamLSTxw6NsZjoBxfSwsn0ycdesmc4p+Q21c5zPuZ1pl+NfxVdxPtdHvmNVOQ6XSYG4AUtyt/Fi7D16Q=="],

    "y18n": ["y18n@5.0.8", "", {}, "sha512-0pfFzegeDWJHJIAmTLRP2DwHjdF5s7jo9tuztdQxAhINCdvS+3nGINqPd00AphqJR/0LhANUS6/+7SCb98YOfA=="],

    "yargs": ["yargs@16.2.0", "", { "dependencies": { "cliui": "^7.0.2", "escalade": "^3.1.1", "get-caller-file": "^2.0.5", "require-directory": "^2.1.1", "string-width": "^4.2.0", "y18n": "^5.0.5", "yargs-parser": "^20.2.2" } }, "sha512-D1mvvtDG0L5ft/jGWkLpG1+m0eQxOfaBvTNELraWj22wSVUMWxZUvYgJYcKh6jGGIkJFhH4IZPQhR4TKpc8mBw=="],

    "yargs-parser": ["yargs-parser@20.2.9", "", {}, "sha512-y11nGElTIV+CT3Zv9t7VKl+Q3hTQoT9a1Qzezhhl6Rp21gJ/IVTW7Z3y9EWXhuUBC2Shnf+DX0antecpAwSP8w=="],

    "@tensorflow/tfjs-backend-webgl/@types/offscreencanvas": ["@types/offscreencanvas@2019.3.0", "", {}, "sha512-esIJx9bQg+QYF0ra8GnvfianIY8qWB0GBx54PK5Eps6m+xTj86KLavHv6qDhzKcu5UUOgNfJ2pWaIIV7TRUd9Q=="],
  }
}
